
Microsoft Visual Studio Solution File, Format Version 12.00
# Visual Studio Version 16
VisualStudioVersion = 16.0.30907.101
MinimumVisualStudioVersion = 10.0.40219.1
Project("{FAE04EC0-301F-11D3-BF4B-00C04F79EFBC}") = "IEFI", "IEFI\IEFI.csproj", "{1633FC4A-E8DF-42B9-9F89-3C5A7541FDF4}"
EndProject
Global
	GlobalSection(SolutionConfigurationPlatforms) = preSolution
		Debug|Any CPU = Debug|Any CPU
		Release|Any CPU = Release|Any CPU
	EndGlobalSection
	GlobalSection(ProjectConfigurationPlatforms) = postSolution
		{1633FC4A-E8DF-42B9-9F89-3C5A7541FDF4}.Debug|Any CPU.ActiveCfg = Debug|Any CPU
		{1633FC4A-E8DF-42B9-9F89-3C5A7541FDF4}.Debug|Any CPU.Build.0 = Debug|Any CPU
		{1633FC4A-E8DF-42B9-9F89-3C5A7541FDF4}.Release|Any CPU.ActiveCfg = Release|Any CPU
		{1633FC4A-E8DF-42B9-9F89-3C5A7541FDF4}.Release|Any CPU.Build.0 = Release|Any CPU
	EndGlobalSection
	GlobalSection(SolutionProperties) = preSolution
		HideSolutionNode = FALSE
	EndGlobalSection
	GlobalSection(ExtensibilityGlobals) = postSolution
		SolutionGuid = {F5DCF0AE-5C28-4E8C-B91E-D68963928602}
	EndGlobalSection
EndGlobal
